
Microsoft Visual Studio Solution File, Format Version 12.00
# Visual Studio Version 16
VisualStudioVersion = 16.0.29728.190
MinimumVisualStudioVersion = 10.0.40219.1
Project("{FAE04EC0-301F-11D3-BF4B-00C04F79EFBC}") = "UsandoConjuntos_HashSet", "UsandoConjuntos_HashSet\UsandoConjuntos_HashSet.csproj", "{B37ACB84-9B05-402B-9DC5-CBA8A1197F7D}"
EndProject
Global
	GlobalSection(SolutionConfigurationPlatforms) = preSolution
		Debug|Any CPU = Debug|Any CPU
		Release|Any CPU = Release|Any CPU
	EndGlobalSection
	GlobalSection(ProjectConfigurationPlatforms) = postSolution
		{B37ACB84-9B05-402B-9DC5-CBA8A1197F7D}.Debug|Any CPU.ActiveCfg = Debug|Any CPU
		{B37ACB84-9B05-402B-9DC5-CBA8A1197F7D}.Debug|Any CPU.Build.0 = Debug|Any CPU
		{B37ACB84-9B05-402B-9DC5-CBA8A1197F7D}.Release|Any CPU.ActiveCfg = Release|Any CPU
		{B37ACB84-9B05-402B-9DC5-CBA8A1197F7D}.Release|Any CPU.Build.0 = Release|Any CPU
	EndGlobalSection
	GlobalSection(SolutionProperties) = preSolution
		HideSolutionNode = FALSE
	EndGlobalSection
	GlobalSection(ExtensibilityGlobals) = postSolution
		SolutionGuid = {2E529F56-A1C5-4269-A215-78404E668276}
	EndGlobalSection
EndGlobal
